
Microsoft Visual Studio Solution File, Format Version 12.00
# Visual Studio Version 17
VisualStudioVersion = 17.5.33530.505
MinimumVisualStudioVersion = 10.0.40219.1
Project("{2150E333-8FDC-42A3-9474-1A3956D46DE8}") = "Tools", "Tools", "{F1476758-FD77-4FB4-950B-26EE9681D4BB}"
EndProject
Project("{2150E333-8FDC-42A3-9474-1A3956D46DE8}") = "Loader", "Loader", "{A34EA912-C4E3-4EFA-8E80-07384597D067}"
	ProjectSection(SolutionItems) = preProject
		Public.hpp = Public.hpp
	EndProjectSection
EndProject
Project("{8BC9CEB8-8B4A-11D0-8D11-00A0C91BC942}") = "Fornicarás.TEST", "src\Fornicarás.TEST\Fornicarás.TEST.vcxproj", "{5A19832C-FE4E-400B-8827-F9E6C365435E}"
EndProject
Project("{8BC9CEB8-8B4A-11D0-8D11-00A0C91BC942}") = "encryptUrl", "tools\encryptUrl\encryptUrl.vcxproj", "{B5F9DC5A-B31A-4A1E-AA90-0E1D262B6E15}"
EndProject
Project("{8BC9CEB8-8B4A-11D0-8D11-00A0C91BC942}") = "encryptFile", "tools\encryptFile\encryptFile.vcxproj", "{8B01D751-8FA9-4BC2-ACC7-92B4EF191C75}"
EndProject
Project("{8BC9CEB8-8B4A-11D0-8D11-00A0C91BC942}") = "CreateThreatPoolWait.Load", "src\CreateThreatPoolWait.Load\CreateThreatPoolWait.Load.vcxproj", "{0CE7508C-A987-4506-987A-5725C327B8CA}"
EndProject
Project("{8BC9CEB8-8B4A-11D0-8D11-00A0C91BC942}") = "Direct.Load", "src\Direct.Load\Direct.Load.vcxproj", "{2B1083F5-FCCF-4F96-A2F5-6844869C697A}"
EndProject
Project("{8BC9CEB8-8B4A-11D0-8D11-00A0C91BC942}") = "Dynamic.Load", "src\Dynamic.Load\Dynamic.Load.vcxproj", "{6CCBE294-149A-4757-AB28-610C992B5991}"
EndProject
Project("{8BC9CEB8-8B4A-11D0-8D11-00A0C91BC942}") = "Fiber.Load", "src\Fiber.Load\Fiber.Load.vcxproj", "{68A119D6-0CED-49BF-B50C-716C0E23180C}"
EndProject
Project("{8BC9CEB8-8B4A-11D0-8D11-00A0C91BC942}") = "NtTestAlert.Load", "src\NtTestAlert.Load\NtTestAlert.Load.vcxproj", "{6C48B63D-432B-459E-9B2E-97AEBE86B675}"
EndProject
Project("{8BC9CEB8-8B4A-11D0-8D11-00A0C91BC942}") = "SEHException.Load", "src\SEHException.Load\SEHException.Load.vcxproj", "{9786ED12-BFE6-48DE-9CDC-57FFFF6D2B80}"
EndProject
Project("{8BC9CEB8-8B4A-11D0-8D11-00A0C91BC942}") = "QueueUserAPC.Inject", "src\QueueUserAPC.Inject\QueueUserAPC.Inject.vcxproj", "{9EA2D336-3C1B-476C-9393-BD7827CCC2CE}"
EndProject
Project("{8BC9CEB8-8B4A-11D0-8D11-00A0C91BC942}") = "EarlyBirdAPC.Inject", "src\EarlyBirdAPC.Inject\EarlyBirdAPC.Inject.vcxproj", "{783BD9EF-6125-4119-92ED-430332824612}"
EndProject
Project("{8BC9CEB8-8B4A-11D0-8D11-00A0C91BC942}") = "ThreadHijack.Inject", "src\ThreadHijack.Inject\ThreadHijack.Inject.vcxproj", "{7B2935C5-BAAE-4549-963C-39A318B0DF2F}"
EndProject
Project("{8BC9CEB8-8B4A-11D0-8D11-00A0C91BC942}") = "ProcessHollowing.Inject", "src\ProcessHollowing.Inject\ProcessHollowing.Inject.vcxproj", "{C184C5F6-2FD3-44E1-9713-E32740F9B4A0}"
EndProject
Project("{8BC9CEB8-8B4A-11D0-8D11-00A0C91BC942}") = "NtCreateSection.Inject", "src\NtCreateSection.Inject\NtCreateSection.Inject.vcxproj", "{0B8F64FD-4DD8-487C-9A5B-729FFECF3B99}"
EndProject
Project("{8BC9CEB8-8B4A-11D0-8D11-00A0C91BC942}") = "ModuleStomping.Inject", "src\ModuleStomping.Inject\ModuleStomping.Inject.vcxproj", "{7A8A26BA-1FF5-431C-8E76-CE64C3420478}"
EndProject
Project("{8BC9CEB8-8B4A-11D0-8D11-00A0C91BC942}") = "SysWhispers.Load", "src\SysWhispers.Load\SysWhispers.Load.vcxproj", "{606322F1-EC4F-4602-83B0-8D4F2EB75AAF}"
EndProject
Project("{8BC9CEB8-8B4A-11D0-8D11-00A0C91BC942}") = "HWSyscalls.Load", "src\HWSyscalls.Load\HWSyscalls.Load.vcxproj", "{4B4AC555-EF52-4D09-A903-E1DE34FA6481}"
EndProject
Project("{8BC9CEB8-8B4A-11D0-8D11-00A0C91BC942}") = "GhostFart.Load", "src\GhostFart.Load\GhostFart.Load.vcxproj", "{89FBBE88-89C8-449B-92B9-A14ECB7FB493}"
EndProject
Project("{8BC9CEB8-8B4A-11D0-8D11-00A0C91BC942}") = "VEHSleepMask.Load", "src\VEHSleepMask.Load\VEHSleepMask.Load.vcxproj", "{63CE182C-B242-4ADC-B404-0B475D29F658}"
EndProject
Project("{8BC9CEB8-8B4A-11D0-8D11-00A0C91BC942}") = "DechainViaHotkey.Load", "src\DechainViaHotkey.Load\DechainViaHotkey.Load.vcxproj", "{4087EB3C-28A7-40B8-9F7A-35C2DFF42EE7}"
EndProject
Global
	GlobalSection(SolutionConfigurationPlatforms) = preSolution
		Debug|x64 = Debug|x64
		Debug|x86 = Debug|x86
		Release|x64 = Release|x64
		Release|x86 = Release|x86
	EndGlobalSection
	GlobalSection(ProjectConfigurationPlatforms) = postSolution
		{5A19832C-FE4E-400B-8827-F9E6C365435E}.Debug|x64.ActiveCfg = Debug|x64
		{5A19832C-FE4E-400B-8827-F9E6C365435E}.Debug|x64.Build.0 = Debug|x64
		{5A19832C-FE4E-400B-8827-F9E6C365435E}.Debug|x86.ActiveCfg = Debug|Win32
		{5A19832C-FE4E-400B-8827-F9E6C365435E}.Debug|x86.Build.0 = Debug|Win32
		{5A19832C-FE4E-400B-8827-F9E6C365435E}.Release|x64.ActiveCfg = Release|x64
		{5A19832C-FE4E-400B-8827-F9E6C365435E}.Release|x64.Build.0 = Release|x64
		{5A19832C-FE4E-400B-8827-F9E6C365435E}.Release|x86.ActiveCfg = Release|Win32
		{5A19832C-FE4E-400B-8827-F9E6C365435E}.Release|x86.Build.0 = Release|Win32
		{B5F9DC5A-B31A-4A1E-AA90-0E1D262B6E15}.Debug|x64.ActiveCfg = Debug|x64
		{B5F9DC5A-B31A-4A1E-AA90-0E1D262B6E15}.Debug|x64.Build.0 = Debug|x64
		{B5F9DC5A-B31A-4A1E-AA90-0E1D262B6E15}.Debug|x86.ActiveCfg = Debug|Win32
		{B5F9DC5A-B31A-4A1E-AA90-0E1D262B6E15}.Debug|x86.Build.0 = Debug|Win32
		{B5F9DC5A-B31A-4A1E-AA90-0E1D262B6E15}.Release|x64.ActiveCfg = Release|x64
		{B5F9DC5A-B31A-4A1E-AA90-0E1D262B6E15}.Release|x64.Build.0 = Release|x64
		{B5F9DC5A-B31A-4A1E-AA90-0E1D262B6E15}.Release|x86.ActiveCfg = Release|Win32
		{B5F9DC5A-B31A-4A1E-AA90-0E1D262B6E15}.Release|x86.Build.0 = Release|Win32
		{8B01D751-8FA9-4BC2-ACC7-92B4EF191C75}.Debug|x64.ActiveCfg = Debug|x64
		{8B01D751-8FA9-4BC2-ACC7-92B4EF191C75}.Debug|x64.Build.0 = Debug|x64
		{8B01D751-8FA9-4BC2-ACC7-92B4EF191C75}.Debug|x86.ActiveCfg = Debug|Win32
		{8B01D751-8FA9-4BC2-ACC7-92B4EF191C75}.Debug|x86.Build.0 = Debug|Win32
		{8B01D751-8FA9-4BC2-ACC7-92B4EF191C75}.Release|x64.ActiveCfg = Release|x64
		{8B01D751-8FA9-4BC2-ACC7-92B4EF191C75}.Release|x64.Build.0 = Release|x64
		{8B01D751-8FA9-4BC2-ACC7-92B4EF191C75}.Release|x86.ActiveCfg = Release|Win32
		{8B01D751-8FA9-4BC2-ACC7-92B4EF191C75}.Release|x86.Build.0 = Release|Win32
		{0CE7508C-A987-4506-987A-5725C327B8CA}.Debug|x64.ActiveCfg = Debug|x64
		{0CE7508C-A987-4506-987A-5725C327B8CA}.Debug|x64.Build.0 = Debug|x64
		{0CE7508C-A987-4506-987A-5725C327B8CA}.Debug|x86.ActiveCfg = Debug|Win32
		{0CE7508C-A987-4506-987A-5725C327B8CA}.Debug|x86.Build.0 = Debug|Win32
		{0CE7508C-A987-4506-987A-5725C327B8CA}.Release|x64.ActiveCfg = Release|x64
		{0CE7508C-A987-4506-987A-5725C327B8CA}.Release|x64.Build.0 = Release|x64
		{0CE7508C-A987-4506-987A-5725C327B8CA}.Release|x86.ActiveCfg = Release|Win32
		{0CE7508C-A987-4506-987A-5725C327B8CA}.Release|x86.Build.0 = Release|Win32
		{2B1083F5-FCCF-4F96-A2F5-6844869C697A}.Debug|x64.ActiveCfg = Debug|x64
		{2B1083F5-FCCF-4F96-A2F5-6844869C697A}.Debug|x64.Build.0 = Debug|x64
		{2B1083F5-FCCF-4F96-A2F5-6844869C697A}.Debug|x86.ActiveCfg = Debug|Win32
		{2B1083F5-FCCF-4F96-A2F5-6844869C697A}.Debug|x86.Build.0 = Debug|Win32
		{2B1083F5-FCCF-4F96-A2F5-6844869C697A}.Release|x64.ActiveCfg = Release|x64
		{2B1083F5-FCCF-4F96-A2F5-6844869C697A}.Release|x64.Build.0 = Release|x64
		{2B1083F5-FCCF-4F96-A2F5-6844869C697A}.Release|x86.ActiveCfg = Release|Win32
		{2B1083F5-FCCF-4F96-A2F5-6844869C697A}.Release|x86.Build.0 = Release|Win32
		{6CCBE294-149A-4757-AB28-610C992B5991}.Debug|x64.ActiveCfg = Debug|x64
		{6CCBE294-149A-4757-AB28-610C992B5991}.Debug|x64.Build.0 = Debug|x64
		{6CCBE294-149A-4757-AB28-610C992B5991}.Debug|x86.ActiveCfg = Debug|Win32
		{6CCBE294-149A-4757-AB28-610C992B5991}.Debug|x86.Build.0 = Debug|Win32
		{6CCBE294-149A-4757-AB28-610C992B5991}.Release|x64.ActiveCfg = Release|x64
		{6CCBE294-149A-4757-AB28-610C992B5991}.Release|x64.Build.0 = Release|x64
		{6CCBE294-149A-4757-AB28-610C992B5991}.Release|x86.ActiveCfg = Release|Win32
		{6CCBE294-149A-4757-AB28-610C992B5991}.Release|x86.Build.0 = Release|Win32
		{68A119D6-0CED-49BF-B50C-716C0E23180C}.Debug|x64.ActiveCfg = Debug|x64
		{68A119D6-0CED-49BF-B50C-716C0E23180C}.Debug|x64.Build.0 = Debug|x64
		{68A119D6-0CED-49BF-B50C-716C0E23180C}.Debug|x86.ActiveCfg = Debug|Win32
		{68A119D6-0CED-49BF-B50C-716C0E23180C}.Debug|x86.Build.0 = Debug|Win32
		{68A119D6-0CED-49BF-B50C-716C0E23180C}.Release|x64.ActiveCfg = Release|Win32
		{68A119D6-0CED-49BF-B50C-716C0E23180C}.Release|x64.Build.0 = Release|Win32
		{68A119D6-0CED-49BF-B50C-716C0E23180C}.Release|x86.ActiveCfg = Release|Win32
		{68A119D6-0CED-49BF-B50C-716C0E23180C}.Release|x86.Build.0 = Release|Win32
		{6C48B63D-432B-459E-9B2E-97AEBE86B675}.Debug|x64.ActiveCfg = Debug|x64
		{6C48B63D-432B-459E-9B2E-97AEBE86B675}.Debug|x64.Build.0 = Debug|x64
		{6C48B63D-432B-459E-9B2E-97AEBE86B675}.Debug|x86.ActiveCfg = Debug|Win32
		{6C48B63D-432B-459E-9B2E-97AEBE86B675}.Debug|x86.Build.0 = Debug|Win32
		{6C48B63D-432B-459E-9B2E-97AEBE86B675}.Release|x64.ActiveCfg = Release|x64
		{6C48B63D-432B-459E-9B2E-97AEBE86B675}.Release|x64.Build.0 = Release|x64
		{6C48B63D-432B-459E-9B2E-97AEBE86B675}.Release|x86.ActiveCfg = Release|Win32
		{6C48B63D-432B-459E-9B2E-97AEBE86B675}.Release|x86.Build.0 = Release|Win32
		{9786ED12-BFE6-48DE-9CDC-57FFFF6D2B80}.Debug|x64.ActiveCfg = Debug|x64
		{9786ED12-BFE6-48DE-9CDC-57FFFF6D2B80}.Debug|x64.Build.0 = Debug|x64
		{9786ED12-BFE6-48DE-9CDC-57FFFF6D2B80}.Debug|x86.ActiveCfg = Debug|Win32
		{9786ED12-BFE6-48DE-9CDC-57FFFF6D2B80}.Debug|x86.Build.0 = Debug|Win32
		{9786ED12-BFE6-48DE-9CDC-57FFFF6D2B80}.Release|x64.ActiveCfg = Release|x64
		{9786ED12-BFE6-48DE-9CDC-57FFFF6D2B80}.Release|x64.Build.0 = Release|x64
		{9786ED12-BFE6-48DE-9CDC-57FFFF6D2B80}.Release|x86.ActiveCfg = Release|Win32
		{9786ED12-BFE6-48DE-9CDC-57FFFF6D2B80}.Release|x86.Build.0 = Release|Win32
		{9EA2D336-3C1B-476C-9393-BD7827CCC2CE}.Debug|x64.ActiveCfg = Debug|x64
		{9EA2D336-3C1B-476C-9393-BD7827CCC2CE}.Debug|x64.Build.0 = Debug|x64
		{9EA2D336-3C1B-476C-9393-BD7827CCC2CE}.Debug|x86.ActiveCfg = Debug|Win32
		{9EA2D336-3C1B-476C-9393-BD7827CCC2CE}.Debug|x86.Build.0 = Debug|Win32
		{9EA2D336-3C1B-476C-9393-BD7827CCC2CE}.Release|x64.ActiveCfg = Release|x64
		{9EA2D336-3C1B-476C-9393-BD7827CCC2CE}.Release|x64.Build.0 = Release|x64
		{9EA2D336-3C1B-476C-9393-BD7827CCC2CE}.Release|x86.ActiveCfg = Release|Win32
		{9EA2D336-3C1B-476C-9393-BD7827CCC2CE}.Release|x86.Build.0 = Release|Win32
		{783BD9EF-6125-4119-92ED-430332824612}.Debug|x64.ActiveCfg = Debug|x64
		{783BD9EF-6125-4119-92ED-430332824612}.Debug|x64.Build.0 = Debug|x64
		{783BD9EF-6125-4119-92ED-430332824612}.Debug|x86.ActiveCfg = Debug|Win32
		{783BD9EF-6125-4119-92ED-430332824612}.Debug|x86.Build.0 = Debug|Win32
		{783BD9EF-6125-4119-92ED-430332824612}.Release|x64.ActiveCfg = Release|x64
		{783BD9EF-6125-4119-92ED-430332824612}.Release|x64.Build.0 = Release|x64
		{783BD9EF-6125-4119-92ED-430332824612}.Release|x86.ActiveCfg = Release|Win32
		{783BD9EF-6125-4119-92ED-430332824612}.Release|x86.Build.0 = Release|Win32
		{7B2935C5-BAAE-4549-963C-39A318B0DF2F}.Debug|x64.ActiveCfg = Debug|x64
		{7B2935C5-BAAE-4549-963C-39A318B0DF2F}.Debug|x64.Build.0 = Debug|x64
		{7B2935C5-BAAE-4549-963C-39A318B0DF2F}.Debug|x86.ActiveCfg = Debug|Win32
		{7B2935C5-BAAE-4549-963C-39A318B0DF2F}.Debug|x86.Build.0 = Debug|Win32
		{7B2935C5-BAAE-4549-963C-39A318B0DF2F}.Release|x64.ActiveCfg = Release|x64
		{7B2935C5-BAAE-4549-963C-39A318B0DF2F}.Release|x64.Build.0 = Release|x64
		{7B2935C5-BAAE-4549-963C-39A318B0DF2F}.Release|x86.ActiveCfg = Release|Win32
		{7B2935C5-BAAE-4549-963C-39A318B0DF2F}.Release|x86.Build.0 = Release|Win32
		{C184C5F6-2FD3-44E1-9713-E32740F9B4A0}.Debug|x64.ActiveCfg = Debug|x64
		{C184C5F6-2FD3-44E1-9713-E32740F9B4A0}.Debug|x64.Build.0 = Debug|x64
		{C184C5F6-2FD3-44E1-9713-E32740F9B4A0}.Debug|x86.ActiveCfg = Debug|Win32
		{C184C5F6-2FD3-44E1-9713-E32740F9B4A0}.Debug|x86.Build.0 = Debug|Win32
		{C184C5F6-2FD3-44E1-9713-E32740F9B4A0}.Release|x64.ActiveCfg = Release|x64
		{C184C5F6-2FD3-44E1-9713-E32740F9B4A0}.Release|x64.Build.0 = Release|x64
		{C184C5F6-2FD3-44E1-9713-E32740F9B4A0}.Release|x86.ActiveCfg = Release|Win32
		{C184C5F6-2FD3-44E1-9713-E32740F9B4A0}.Release|x86.Build.0 = Release|Win32
		{0B8F64FD-4DD8-487C-9A5B-729FFECF3B99}.Debug|x64.ActiveCfg = Debug|x64
		{0B8F64FD-4DD8-487C-9A5B-729FFECF3B99}.Debug|x64.Build.0 = Debug|x64
		{0B8F64FD-4DD8-487C-9A5B-729FFECF3B99}.Debug|x86.ActiveCfg = Debug|Win32
		{0B8F64FD-4DD8-487C-9A5B-729FFECF3B99}.Debug|x86.Build.0 = Debug|Win32
		{0B8F64FD-4DD8-487C-9A5B-729FFECF3B99}.Release|x64.ActiveCfg = Release|x64
		{0B8F64FD-4DD8-487C-9A5B-729FFECF3B99}.Release|x64.Build.0 = Release|x64
		{0B8F64FD-4DD8-487C-9A5B-729FFECF3B99}.Release|x86.ActiveCfg = Release|Win32
		{0B8F64FD-4DD8-487C-9A5B-729FFECF3B99}.Release|x86.Build.0 = Release|Win32
		{7A8A26BA-1FF5-431C-8E76-CE64C3420478}.Debug|x64.ActiveCfg = Debug|x64
		{7A8A26BA-1FF5-431C-8E76-CE64C3420478}.Debug|x64.Build.0 = Debug|x64
		{7A8A26BA-1FF5-431C-8E76-CE64C3420478}.Debug|x86.ActiveCfg = Debug|Win32
		{7A8A26BA-1FF5-431C-8E76-CE64C3420478}.Debug|x86.Build.0 = Debug|Win32
		{7A8A26BA-1FF5-431C-8E76-CE64C3420478}.Release|x64.ActiveCfg = Release|x64
		{7A8A26BA-1FF5-431C-8E76-CE64C3420478}.Release|x64.Build.0 = Release|x64
		{7A8A26BA-1FF5-431C-8E76-CE64C3420478}.Release|x86.ActiveCfg = Release|Win32
		{7A8A26BA-1FF5-431C-8E76-CE64C3420478}.Release|x86.Build.0 = Release|Win32
		{606322F1-EC4F-4602-83B0-8D4F2EB75AAF}.Debug|x64.ActiveCfg = Debug|x64
		{606322F1-EC4F-4602-83B0-8D4F2EB75AAF}.Debug|x64.Build.0 = Debug|x64
		{606322F1-EC4F-4602-83B0-8D4F2EB75AAF}.Debug|x86.ActiveCfg = Debug|Win32
		{606322F1-EC4F-4602-83B0-8D4F2EB75AAF}.Debug|x86.Build.0 = Debug|Win32
		{606322F1-EC4F-4602-83B0-8D4F2EB75AAF}.Release|x64.ActiveCfg = Release|x64
		{606322F1-EC4F-4602-83B0-8D4F2EB75AAF}.Release|x64.Build.0 = Release|x64
		{606322F1-EC4F-4602-83B0-8D4F2EB75AAF}.Release|x86.ActiveCfg = Release|Win32
		{606322F1-EC4F-4602-83B0-8D4F2EB75AAF}.Release|x86.Build.0 = Release|Win32
		{4B4AC555-EF52-4D09-A903-E1DE34FA6481}.Debug|x64.ActiveCfg = Debug|x64
		{4B4AC555-EF52-4D09-A903-E1DE34FA6481}.Debug|x64.Build.0 = Debug|x64
		{4B4AC555-EF52-4D09-A903-E1DE34FA6481}.Debug|x86.ActiveCfg = Debug|Win32
		{4B4AC555-EF52-4D09-A903-E1DE34FA6481}.Debug|x86.Build.0 = Debug|Win32
		{4B4AC555-EF52-4D09-A903-E1DE34FA6481}.Release|x64.ActiveCfg = Release|x64
		{4B4AC555-EF52-4D09-A903-E1DE34FA6481}.Release|x64.Build.0 = Release|x64
		{4B4AC555-EF52-4D09-A903-E1DE34FA6481}.Release|x86.ActiveCfg = Release|Win32
		{4B4AC555-EF52-4D09-A903-E1DE34FA6481}.Release|x86.Build.0 = Release|Win32
		{89FBBE88-89C8-449B-92B9-A14ECB7FB493}.Debug|x64.ActiveCfg = Debug|x64
		{89FBBE88-89C8-449B-92B9-A14ECB7FB493}.Debug|x64.Build.0 = Debug|x64
		{89FBBE88-89C8-449B-92B9-A14ECB7FB493}.Debug|x86.ActiveCfg = Debug|Win32
		{89FBBE88-89C8-449B-92B9-A14ECB7FB493}.Debug|x86.Build.0 = Debug|Win32
		{89FBBE88-89C8-449B-92B9-A14ECB7FB493}.Release|x64.ActiveCfg = Release|x64
		{89FBBE88-89C8-449B-92B9-A14ECB7FB493}.Release|x64.Build.0 = Release|x64
		{89FBBE88-89C8-449B-92B9-A14ECB7FB493}.Release|x86.ActiveCfg = Release|Win32
		{89FBBE88-89C8-449B-92B9-A14ECB7FB493}.Release|x86.Build.0 = Release|Win32
		{63CE182C-B242-4ADC-B404-0B475D29F658}.Debug|x64.ActiveCfg = Debug|x64
		{63CE182C-B242-4ADC-B404-0B475D29F658}.Debug|x64.Build.0 = Debug|x64
		{63CE182C-B242-4ADC-B404-0B475D29F658}.Debug|x86.ActiveCfg = Debug|Win32
		{63CE182C-B242-4ADC-B404-0B475D29F658}.Debug|x86.Build.0 = Debug|Win32
		{63CE182C-B242-4ADC-B404-0B475D29F658}.Release|x64.ActiveCfg = Release|x64
		{63CE182C-B242-4ADC-B404-0B475D29F658}.Release|x64.Build.0 = Release|x64
		{63CE182C-B242-4ADC-B404-0B475D29F658}.Release|x86.ActiveCfg = Release|Win32
		{63CE182C-B242-4ADC-B404-0B475D29F658}.Release|x86.Build.0 = Release|Win32
		{4087EB3C-28A7-40B8-9F7A-35C2DFF42EE7}.Debug|x64.ActiveCfg = Debug|x64
		{4087EB3C-28A7-40B8-9F7A-35C2DFF42EE7}.Debug|x64.Build.0 = Debug|x64
		{4087EB3C-28A7-40B8-9F7A-35C2DFF42EE7}.Debug|x86.ActiveCfg = Debug|Win32
		{4087EB3C-28A7-40B8-9F7A-35C2DFF42EE7}.Debug|x86.Build.0 = Debug|Win32
		{4087EB3C-28A7-40B8-9F7A-35C2DFF42EE7}.Release|x64.ActiveCfg = Release|x64
		{4087EB3C-28A7-40B8-9F7A-35C2DFF42EE7}.Release|x64.Build.0 = Release|x64
		{4087EB3C-28A7-40B8-9F7A-35C2DFF42EE7}.Release|x86.ActiveCfg = Release|Win32
		{4087EB3C-28A7-40B8-9F7A-35C2DFF42EE7}.Release|x86.Build.0 = Release|Win32
	EndGlobalSection
	GlobalSection(SolutionProperties) = preSolution
		HideSolutionNode = FALSE
	EndGlobalSection
	GlobalSection(NestedProjects) = preSolution
		{5A19832C-FE4E-400B-8827-F9E6C365435E} = {A34EA912-C4E3-4EFA-8E80-07384597D067}
		{B5F9DC5A-B31A-4A1E-AA90-0E1D262B6E15} = {F1476758-FD77-4FB4-950B-26EE9681D4BB}
		{8B01D751-8FA9-4BC2-ACC7-92B4EF191C75} = {F1476758-FD77-4FB4-950B-26EE9681D4BB}
		{0CE7508C-A987-4506-987A-5725C327B8CA} = {A34EA912-C4E3-4EFA-8E80-07384597D067}
		{2B1083F5-FCCF-4F96-A2F5-6844869C697A} = {A34EA912-C4E3-4EFA-8E80-07384597D067}
		{6CCBE294-149A-4757-AB28-610C992B5991} = {A34EA912-C4E3-4EFA-8E80-07384597D067}
		{68A119D6-0CED-49BF-B50C-716C0E23180C} = {A34EA912-C4E3-4EFA-8E80-07384597D067}
		{6C48B63D-432B-459E-9B2E-97AEBE86B675} = {A34EA912-C4E3-4EFA-8E80-07384597D067}
		{9786ED12-BFE6-48DE-9CDC-57FFFF6D2B80} = {A34EA912-C4E3-4EFA-8E80-07384597D067}
		{9EA2D336-3C1B-476C-9393-BD7827CCC2CE} = {A34EA912-C4E3-4EFA-8E80-07384597D067}
		{783BD9EF-6125-4119-92ED-430332824612} = {A34EA912-C4E3-4EFA-8E80-07384597D067}
		{7B2935C5-BAAE-4549-963C-39A318B0DF2F} = {A34EA912-C4E3-4EFA-8E80-07384597D067}
		{C184C5F6-2FD3-44E1-9713-E32740F9B4A0} = {A34EA912-C4E3-4EFA-8E80-07384597D067}
		{0B8F64FD-4DD8-487C-9A5B-729FFECF3B99} = {A34EA912-C4E3-4EFA-8E80-07384597D067}
		{7A8A26BA-1FF5-431C-8E76-CE64C3420478} = {A34EA912-C4E3-4EFA-8E80-07384597D067}
		{606322F1-EC4F-4602-83B0-8D4F2EB75AAF} = {A34EA912-C4E3-4EFA-8E80-07384597D067}
		{4B4AC555-EF52-4D09-A903-E1DE34FA6481} = {A34EA912-C4E3-4EFA-8E80-07384597D067}
		{89FBBE88-89C8-449B-92B9-A14ECB7FB493} = {A34EA912-C4E3-4EFA-8E80-07384597D067}
		{63CE182C-B242-4ADC-B404-0B475D29F658} = {A34EA912-C4E3-4EFA-8E80-07384597D067}
		{4087EB3C-28A7-40B8-9F7A-35C2DFF42EE7} = {A34EA912-C4E3-4EFA-8E80-07384597D067}
	EndGlobalSection
	GlobalSection(ExtensibilityGlobals) = postSolution
		SolutionGuid = {AA396D84-6495-41CD-9C95-608EF1C675DC}
	EndGlobalSection
EndGlobal
